
Microsoft Visual Studio Solution File, Format Version 12.00
# Visual Studio Version 17
VisualStudioVersion = 17.0.31903.59
MinimumVisualStudioVersion = 10.0.40219.1
Project("{FAE04EC0-301F-11D3-BF4B-00C04F79EFBC}") = "FirstProject.Domain", "FirstProject.Domain\FirstProject.Domain.csproj", "{E48CA30F-71B5-47C5-9F91-FB9B7637BA07}"
EndProject
Project("{FAE04EC0-301F-11D3-BF4B-00C04F79EFBC}") = "FirstProject.Application", "FirstProject.Application\FirstProject.Application.csproj", "{7E693606-FB20-415C-9478-A9993ABCA592}"
EndProject
Project("{FAE04EC0-301F-11D3-BF4B-00C04F79EFBC}") = "FirstProject.Presentation", "FirstProject.Presentation\FirstProject.Presentation.csproj", "{D0AA4DA9-EE17-4A5A-AF6D-6645DC6E4822}"
EndProject
Project("{FAE04EC0-301F-11D3-BF4B-00C04F79EFBC}") = "FirstProject.Infrastructure", "FirstProject.Infrastructure\FirstProject.Infrastructure.csproj", "{2C5408DE-8420-471A-9E58-E50A02619BAB}"
EndProject
Global
	GlobalSection(SolutionConfigurationPlatforms) = preSolution
		Debug|Any CPU = Debug|Any CPU
		Release|Any CPU = Release|Any CPU
	EndGlobalSection
	GlobalSection(SolutionProperties) = preSolution
		HideSolutionNode = FALSE
	EndGlobalSection
	GlobalSection(ProjectConfigurationPlatforms) = postSolution
		{E48CA30F-71B5-47C5-9F91-FB9B7637BA07}.Debug|Any CPU.ActiveCfg = Debug|Any CPU
		{E48CA30F-71B5-47C5-9F91-FB9B7637BA07}.Debug|Any CPU.Build.0 = Debug|Any CPU
		{E48CA30F-71B5-47C5-9F91-FB9B7637BA07}.Release|Any CPU.ActiveCfg = Release|Any CPU
		{E48CA30F-71B5-47C5-9F91-FB9B7637BA07}.Release|Any CPU.Build.0 = Release|Any CPU
		{7E693606-FB20-415C-9478-A9993ABCA592}.Debug|Any CPU.ActiveCfg = Debug|Any CPU
		{7E693606-FB20-415C-9478-A9993ABCA592}.Debug|Any CPU.Build.0 = Debug|Any CPU
		{7E693606-FB20-415C-9478-A9993ABCA592}.Release|Any CPU.ActiveCfg = Release|Any CPU
		{7E693606-FB20-415C-9478-A9993ABCA592}.Release|Any CPU.Build.0 = Release|Any CPU
		{D0AA4DA9-EE17-4A5A-AF6D-6645DC6E4822}.Debug|Any CPU.ActiveCfg = Debug|Any CPU
		{D0AA4DA9-EE17-4A5A-AF6D-6645DC6E4822}.Debug|Any CPU.Build.0 = Debug|Any CPU
		{D0AA4DA9-EE17-4A5A-AF6D-6645DC6E4822}.Release|Any CPU.ActiveCfg = Release|Any CPU
		{D0AA4DA9-EE17-4A5A-AF6D-6645DC6E4822}.Release|Any CPU.Build.0 = Release|Any CPU
		{2C5408DE-8420-471A-9E58-E50A02619BAB}.Debug|Any CPU.ActiveCfg = Debug|Any CPU
		{2C5408DE-8420-471A-9E58-E50A02619BAB}.Debug|Any CPU.Build.0 = Debug|Any CPU
		{2C5408DE-8420-471A-9E58-E50A02619BAB}.Release|Any CPU.ActiveCfg = Release|Any CPU
		{2C5408DE-8420-471A-9E58-E50A02619BAB}.Release|Any CPU.Build.0 = Release|Any CPU
	EndGlobalSection
EndGlobal
